{
  "name": "bootstrap-input-spinner",
  "version": "3.1.7",
  "lockfileVersion": 2,
  "requires": true,
  "packages": {
    "": {
      "version": "3.1.7",
      "license": "MIT",
      "devDependencies": {
        "prismjs": "^1.25.0",
        "teevi": "^2.1.10"
      }
    },
    "node_modules/prismjs": {
      "version": "1.25.0",
      "resolved": "https://registry.npmjs.org/prismjs/-/prismjs-1.25.0.tgz",
      "integrity": "sha512-WCjJHl1KEWbnkQom1+SzftbtXMKQoezOCYs5rECqMN+jP+apI7ftoflyqigqzopSO3hMhTEb0mFClA8lkolgEg==",
      "dev": true
    },
    "node_modules/teevi": {
      "version": "2.1.10",
      "resolved": "https://registry.npmjs.org/teevi/-/teevi-2.1.10.tgz",
      "integrity": "sha512-hjWaUkdyi0gjhEll3qaqIDtQHm/qNKW4WFoNOAXSkHOFxBbZwqL1QBCxZMZR4IcxGB0Kf/BTw5JXOxOcEb4Djg==",
      "dev": true
    }
  },
  "dependencies": {
    "prismjs": {
      "version": "1.25.0",
      "resolved": "https://registry.npmjs.org/prismjs/-/prismjs-1.25.0.tgz",
      "integrity": "sha512-WCjJHl1KEWbnkQom1+SzftbtXMKQoezOCYs5rECqMN+jP+apI7ftoflyqigqzopSO3hMhTEb0mFClA8lkolgEg==",
      "dev": true
    },
    "teevi": {
      "version": "2.1.10",
      "resolved": "https://registry.npmjs.org/teevi/-/teevi-2.1.10.tgz",
      "integrity": "sha512-hjWaUkdyi0gjhEll3qaqIDtQHm/qNKW4WFoNOAXSkHOFxBbZwqL1QBCxZMZR4IcxGB0Kf/BTw5JXOxOcEb4Djg==",
      "dev": true
    }
  }
}
